
Microsoft Visual Studio Solution File, Format Version 12.00
# Visual Studio Version 16
VisualStudioVersion = 16.0.31424.327
MinimumVisualStudioVersion = 10.0.40219.1
Project("{FAE04EC0-301F-11D3-BF4B-00C04F79EFBC}") = "Server", "Server\Server.csproj", "{CBC3B59F-301C-4869-A2C8-6D425294D885}"
EndProject
Project("{FAE04EC0-301F-11D3-BF4B-00C04F79EFBC}") = "Client", "Client\Client.csproj", "{99A399E6-CFAB-4F10-9FFF-B4B5841736A6}"
EndProject
Global
	GlobalSection(SolutionConfigurationPlatforms) = preSolution
		Debug|Any CPU = Debug|Any CPU
		Release|Any CPU = Release|Any CPU
	EndGlobalSection
	GlobalSection(ProjectConfigurationPlatforms) = postSolution
		{CBC3B59F-301C-4869-A2C8-6D425294D885}.Debug|Any CPU.ActiveCfg = Debug|Any CPU
		{CBC3B59F-301C-4869-A2C8-6D425294D885}.Debug|Any CPU.Build.0 = Debug|Any CPU
		{CBC3B59F-301C-4869-A2C8-6D425294D885}.Release|Any CPU.ActiveCfg = Release|Any CPU
		{CBC3B59F-301C-4869-A2C8-6D425294D885}.Release|Any CPU.Build.0 = Release|Any CPU
		{99A399E6-CFAB-4F10-9FFF-B4B5841736A6}.Debug|Any CPU.ActiveCfg = Debug|Any CPU
		{99A399E6-CFAB-4F10-9FFF-B4B5841736A6}.Debug|Any CPU.Build.0 = Debug|Any CPU
		{99A399E6-CFAB-4F10-9FFF-B4B5841736A6}.Release|Any CPU.ActiveCfg = Release|Any CPU
		{99A399E6-CFAB-4F10-9FFF-B4B5841736A6}.Release|Any CPU.Build.0 = Release|Any CPU
	EndGlobalSection
	GlobalSection(SolutionProperties) = preSolution
		HideSolutionNode = FALSE
	EndGlobalSection
	GlobalSection(ExtensibilityGlobals) = postSolution
		SolutionGuid = {42A87421-ECAB-49DE-90B4-C5F5701C71C3}
	EndGlobalSection
EndGlobal
